
Microsoft Visual Studio Solution File, Format Version 12.00
# Visual Studio Version 17
VisualStudioVersion = 17.5.002.0
MinimumVisualStudioVersion = 10.0.40219.1
Project("{9A19103F-16F7-4668-BE54-9A1E7A4F7556}") = "Arrays01", "Arrays01\Arrays01.csproj", "{DF539E26-FAC0-49FD-A6B0-C9B6A58F3A06}"
EndProject
Project("{9A19103F-16F7-4668-BE54-9A1E7A4F7556}") = "Arrays02", "Arrays02\Arrays02.csproj", "{B72CD21E-08D6-4978-AC0E-B1ED2C72FA27}"
EndProject
Project("{9A19103F-16F7-4668-BE54-9A1E7A4F7556}") = "Arrays03", "Arrays03\Arrays03.csproj", "{DC6A859E-28FB-4C96-9D06-C82B88ECD37C}"
EndProject
Project("{9A19103F-16F7-4668-BE54-9A1E7A4F7556}") = "Arrays04", "Arrays04\Arrays04.csproj", "{A6652088-493B-4C8A-85F8-F19F9B33251E}"
EndProject
Project("{9A19103F-16F7-4668-BE54-9A1E7A4F7556}") = "Arrays05", "Arrays05\Arrays05.csproj", "{D6CF2120-05BA-445D-9437-80B03FBAFDD4}"
EndProject
Project("{9A19103F-16F7-4668-BE54-9A1E7A4F7556}") = "Arrays_R_01", "Arrays_R_01\Arrays_R_01.csproj", "{C69226F5-5BF3-4634-9BED-F18FD27B972B}"
EndProject
Project("{9A19103F-16F7-4668-BE54-9A1E7A4F7556}") = "Arrays_R_02", "Arrays_R_02\Arrays_R_02.csproj", "{CEF92252-FC73-4657-B644-535EBAAC1BBB}"
EndProject
Project("{9A19103F-16F7-4668-BE54-9A1E7A4F7556}") = "Arrays_R_03", "Arrays_R_03\Arrays_R_03.csproj", "{8800F8C1-D632-4B84-9C8F-4B8CDC1B5C1E}"
EndProject
Project("{9A19103F-16F7-4668-BE54-9A1E7A4F7556}") = "Arrays_R_04", "Arrays_R_04\Arrays_R_04.csproj", "{451F0329-7134-403C-B5FC-89BEA9BA48C2}"
EndProject
Project("{9A19103F-16F7-4668-BE54-9A1E7A4F7556}") = "Arrays_R_05", "Arrays_R_05\Arrays_R_05.csproj", "{1A249AEC-1322-4343-B9DA-27BDFA8F7CAE}"
EndProject
Project("{9A19103F-16F7-4668-BE54-9A1E7A4F7556}") = "Lection5", "Lection5\Lection5.csproj", "{B9CE40EF-F100-43B7-9E51-C05001E9A783}"
EndProject
Project("{9A19103F-16F7-4668-BE54-9A1E7A4F7556}") = "Lection6_Rec_01", "Lection6_Rec_01\Lection6_Rec_01.csproj", "{D03344F0-D66A-454B-A365-88EBF3F5BEB5}"
EndProject
Project("{9A19103F-16F7-4668-BE54-9A1E7A4F7556}") = "Lection6_Rec_02", "Lection6_Rec_02\Lection6_Rec_02.csproj", "{E10705B0-96FF-4EFE-8B3D-B5CD00AECB50}"
EndProject
Project("{9A19103F-16F7-4668-BE54-9A1E7A4F7556}") = "Lection6_Rec_03", "Lection6_Rec_03\Lection6_Rec_03.csproj", "{7AFBF5AD-5D6E-4E2E-BBCB-4F1443F9B291}"
EndProject
Project("{9A19103F-16F7-4668-BE54-9A1E7A4F7556}") = "Lection6_Rec_04", "Lection6_Rec_04\Lection6_Rec_04.csproj", "{AA35E038-701D-480D-BFE8-EF211476AE31}"
EndProject
Project("{9A19103F-16F7-4668-BE54-9A1E7A4F7556}") = "Methods01", "Methods01\Methods01.csproj", "{83D9AF2B-008C-42AC-A782-61AF22BBD9FC}"
EndProject
Project("{9A19103F-16F7-4668-BE54-9A1E7A4F7556}") = "Methods02", "Methods02\Methods02.csproj", "{0C4F4747-EA4A-48B0-94F0-1DD9344E1AC4}"
EndProject
Project("{9A19103F-16F7-4668-BE54-9A1E7A4F7556}") = "Methods03", "Methods03\Methods03.csproj", "{83D5B5CA-2828-4027-B148-279EAAC4D05F}"
EndProject
Project("{9A19103F-16F7-4668-BE54-9A1E7A4F7556}") = "Methods04", "Methods04\Methods04.csproj", "{D8949D3F-154F-45D9-9B9C-2EA8FF9590B1}"
EndProject
Global
	GlobalSection(SolutionConfigurationPlatforms) = preSolution
		Debug|Any CPU = Debug|Any CPU
		Release|Any CPU = Release|Any CPU
	EndGlobalSection
	GlobalSection(ProjectConfigurationPlatforms) = postSolution
		{DF539E26-FAC0-49FD-A6B0-C9B6A58F3A06}.Debug|Any CPU.ActiveCfg = Debug|Any CPU
		{DF539E26-FAC0-49FD-A6B0-C9B6A58F3A06}.Debug|Any CPU.Build.0 = Debug|Any CPU
		{DF539E26-FAC0-49FD-A6B0-C9B6A58F3A06}.Release|Any CPU.ActiveCfg = Release|Any CPU
		{DF539E26-FAC0-49FD-A6B0-C9B6A58F3A06}.Release|Any CPU.Build.0 = Release|Any CPU
		{B72CD21E-08D6-4978-AC0E-B1ED2C72FA27}.Debug|Any CPU.ActiveCfg = Debug|Any CPU
		{B72CD21E-08D6-4978-AC0E-B1ED2C72FA27}.Debug|Any CPU.Build.0 = Debug|Any CPU
		{B72CD21E-08D6-4978-AC0E-B1ED2C72FA27}.Release|Any CPU.ActiveCfg = Release|Any CPU
		{B72CD21E-08D6-4978-AC0E-B1ED2C72FA27}.Release|Any CPU.Build.0 = Release|Any CPU
		{DC6A859E-28FB-4C96-9D06-C82B88ECD37C}.Debug|Any CPU.ActiveCfg = Debug|Any CPU
		{DC6A859E-28FB-4C96-9D06-C82B88ECD37C}.Debug|Any CPU.Build.0 = Debug|Any CPU
		{DC6A859E-28FB-4C96-9D06-C82B88ECD37C}.Release|Any CPU.ActiveCfg = Release|Any CPU
		{DC6A859E-28FB-4C96-9D06-C82B88ECD37C}.Release|Any CPU.Build.0 = Release|Any CPU
		{A6652088-493B-4C8A-85F8-F19F9B33251E}.Debug|Any CPU.ActiveCfg = Debug|Any CPU
		{A6652088-493B-4C8A-85F8-F19F9B33251E}.Debug|Any CPU.Build.0 = Debug|Any CPU
		{A6652088-493B-4C8A-85F8-F19F9B33251E}.Release|Any CPU.ActiveCfg = Release|Any CPU
		{A6652088-493B-4C8A-85F8-F19F9B33251E}.Release|Any CPU.Build.0 = Release|Any CPU
		{D6CF2120-05BA-445D-9437-80B03FBAFDD4}.Debug|Any CPU.ActiveCfg = Debug|Any CPU
		{D6CF2120-05BA-445D-9437-80B03FBAFDD4}.Debug|Any CPU.Build.0 = Debug|Any CPU
		{D6CF2120-05BA-445D-9437-80B03FBAFDD4}.Release|Any CPU.ActiveCfg = Release|Any CPU
		{D6CF2120-05BA-445D-9437-80B03FBAFDD4}.Release|Any CPU.Build.0 = Release|Any CPU
		{C69226F5-5BF3-4634-9BED-F18FD27B972B}.Debug|Any CPU.ActiveCfg = Debug|Any CPU
		{C69226F5-5BF3-4634-9BED-F18FD27B972B}.Debug|Any CPU.Build.0 = Debug|Any CPU
		{C69226F5-5BF3-4634-9BED-F18FD27B972B}.Release|Any CPU.ActiveCfg = Release|Any CPU
		{C69226F5-5BF3-4634-9BED-F18FD27B972B}.Release|Any CPU.Build.0 = Release|Any CPU
		{CEF92252-FC73-4657-B644-535EBAAC1BBB}.Debug|Any CPU.ActiveCfg = Debug|Any CPU
		{CEF92252-FC73-4657-B644-535EBAAC1BBB}.Debug|Any CPU.Build.0 = Debug|Any CPU
		{CEF92252-FC73-4657-B644-535EBAAC1BBB}.Release|Any CPU.ActiveCfg = Release|Any CPU
		{CEF92252-FC73-4657-B644-535EBAAC1BBB}.Release|Any CPU.Build.0 = Release|Any CPU
		{8800F8C1-D632-4B84-9C8F-4B8CDC1B5C1E}.Debug|Any CPU.ActiveCfg = Debug|Any CPU
		{8800F8C1-D632-4B84-9C8F-4B8CDC1B5C1E}.Debug|Any CPU.Build.0 = Debug|Any CPU
		{8800F8C1-D632-4B84-9C8F-4B8CDC1B5C1E}.Release|Any CPU.ActiveCfg = Release|Any CPU
		{8800F8C1-D632-4B84-9C8F-4B8CDC1B5C1E}.Release|Any CPU.Build.0 = Release|Any CPU
		{451F0329-7134-403C-B5FC-89BEA9BA48C2}.Debug|Any CPU.ActiveCfg = Debug|Any CPU
		{451F0329-7134-403C-B5FC-89BEA9BA48C2}.Debug|Any CPU.Build.0 = Debug|Any CPU
		{451F0329-7134-403C-B5FC-89BEA9BA48C2}.Release|Any CPU.ActiveCfg = Release|Any CPU
		{451F0329-7134-403C-B5FC-89BEA9BA48C2}.Release|Any CPU.Build.0 = Release|Any CPU
		{1A249AEC-1322-4343-B9DA-27BDFA8F7CAE}.Debug|Any CPU.ActiveCfg = Debug|Any CPU
		{1A249AEC-1322-4343-B9DA-27BDFA8F7CAE}.Debug|Any CPU.Build.0 = Debug|Any CPU
		{1A249AEC-1322-4343-B9DA-27BDFA8F7CAE}.Release|Any CPU.ActiveCfg = Release|Any CPU
		{1A249AEC-1322-4343-B9DA-27BDFA8F7CAE}.Release|Any CPU.Build.0 = Release|Any CPU
		{B9CE40EF-F100-43B7-9E51-C05001E9A783}.Debug|Any CPU.ActiveCfg = Debug|Any CPU
		{B9CE40EF-F100-43B7-9E51-C05001E9A783}.Debug|Any CPU.Build.0 = Debug|Any CPU
		{B9CE40EF-F100-43B7-9E51-C05001E9A783}.Release|Any CPU.ActiveCfg = Release|Any CPU
		{B9CE40EF-F100-43B7-9E51-C05001E9A783}.Release|Any CPU.Build.0 = Release|Any CPU
		{D03344F0-D66A-454B-A365-88EBF3F5BEB5}.Debug|Any CPU.ActiveCfg = Debug|Any CPU
		{D03344F0-D66A-454B-A365-88EBF3F5BEB5}.Debug|Any CPU.Build.0 = Debug|Any CPU
		{D03344F0-D66A-454B-A365-88EBF3F5BEB5}.Release|Any CPU.ActiveCfg = Release|Any CPU
		{D03344F0-D66A-454B-A365-88EBF3F5BEB5}.Release|Any CPU.Build.0 = Release|Any CPU
		{E10705B0-96FF-4EFE-8B3D-B5CD00AECB50}.Debug|Any CPU.ActiveCfg = Debug|Any CPU
		{E10705B0-96FF-4EFE-8B3D-B5CD00AECB50}.Debug|Any CPU.Build.0 = Debug|Any CPU
		{E10705B0-96FF-4EFE-8B3D-B5CD00AECB50}.Release|Any CPU.ActiveCfg = Release|Any CPU
		{E10705B0-96FF-4EFE-8B3D-B5CD00AECB50}.Release|Any CPU.Build.0 = Release|Any CPU
		{7AFBF5AD-5D6E-4E2E-BBCB-4F1443F9B291}.Debug|Any CPU.ActiveCfg = Debug|Any CPU
		{7AFBF5AD-5D6E-4E2E-BBCB-4F1443F9B291}.Debug|Any CPU.Build.0 = Debug|Any CPU
		{7AFBF5AD-5D6E-4E2E-BBCB-4F1443F9B291}.Release|Any CPU.ActiveCfg = Release|Any CPU
		{7AFBF5AD-5D6E-4E2E-BBCB-4F1443F9B291}.Release|Any CPU.Build.0 = Release|Any CPU
		{AA35E038-701D-480D-BFE8-EF211476AE31}.Debug|Any CPU.ActiveCfg = Debug|Any CPU
		{AA35E038-701D-480D-BFE8-EF211476AE31}.Debug|Any CPU.Build.0 = Debug|Any CPU
		{AA35E038-701D-480D-BFE8-EF211476AE31}.Release|Any CPU.ActiveCfg = Release|Any CPU
		{AA35E038-701D-480D-BFE8-EF211476AE31}.Release|Any CPU.Build.0 = Release|Any CPU
		{83D9AF2B-008C-42AC-A782-61AF22BBD9FC}.Debug|Any CPU.ActiveCfg = Debug|Any CPU
		{83D9AF2B-008C-42AC-A782-61AF22BBD9FC}.Debug|Any CPU.Build.0 = Debug|Any CPU
		{83D9AF2B-008C-42AC-A782-61AF22BBD9FC}.Release|Any CPU.ActiveCfg = Release|Any CPU
		{83D9AF2B-008C-42AC-A782-61AF22BBD9FC}.Release|Any CPU.Build.0 = Release|Any CPU
		{0C4F4747-EA4A-48B0-94F0-1DD9344E1AC4}.Debug|Any CPU.ActiveCfg = Debug|Any CPU
		{0C4F4747-EA4A-48B0-94F0-1DD9344E1AC4}.Debug|Any CPU.Build.0 = Debug|Any CPU
		{0C4F4747-EA4A-48B0-94F0-1DD9344E1AC4}.Release|Any CPU.ActiveCfg = Release|Any CPU
		{0C4F4747-EA4A-48B0-94F0-1DD9344E1AC4}.Release|Any CPU.Build.0 = Release|Any CPU
		{83D5B5CA-2828-4027-B148-279EAAC4D05F}.Debug|Any CPU.ActiveCfg = Debug|Any CPU
		{83D5B5CA-2828-4027-B148-279EAAC4D05F}.Debug|Any CPU.Build.0 = Debug|Any CPU
		{83D5B5CA-2828-4027-B148-279EAAC4D05F}.Release|Any CPU.ActiveCfg = Release|Any CPU
		{83D5B5CA-2828-4027-B148-279EAAC4D05F}.Release|Any CPU.Build.0 = Release|Any CPU
		{D8949D3F-154F-45D9-9B9C-2EA8FF9590B1}.Debug|Any CPU.ActiveCfg = Debug|Any CPU
		{D8949D3F-154F-45D9-9B9C-2EA8FF9590B1}.Debug|Any CPU.Build.0 = Debug|Any CPU
		{D8949D3F-154F-45D9-9B9C-2EA8FF9590B1}.Release|Any CPU.ActiveCfg = Release|Any CPU
		{D8949D3F-154F-45D9-9B9C-2EA8FF9590B1}.Release|Any CPU.Build.0 = Release|Any CPU
	EndGlobalSection
	GlobalSection(SolutionProperties) = preSolution
		HideSolutionNode = FALSE
	EndGlobalSection
	GlobalSection(ExtensibilityGlobals) = postSolution
		SolutionGuid = {B93EB9BC-7C64-4490-9604-0F0AAA0522D2}
	EndGlobalSection
EndGlobal
